
Microsoft Visual Studio Solution File, Format Version 12.00
# Visual Studio Version 17
VisualStudioVersion = 17.3.32929.385
MinimumVisualStudioVersion = 10.0.40219.1
Project("{54A90642-561A-4BB1-A94E-469ADEE60C69}") = "bethe-bloch", "bethe-bloch.esproj", "{76650799-BBF3-4842-96AA-A9B0611EE67E}"
EndProject
Global
	GlobalSection(SolutionConfigurationPlatforms) = preSolution
		Debug|Any CPU = Debug|Any CPU
		Release|Any CPU = Release|Any CPU
	EndGlobalSection
	GlobalSection(ProjectConfigurationPlatforms) = postSolution
		{76650799-BBF3-4842-96AA-A9B0611EE67E}.Debug|Any CPU.ActiveCfg = Debug|Any CPU
		{76650799-BBF3-4842-96AA-A9B0611EE67E}.Debug|Any CPU.Build.0 = Debug|Any CPU
		{76650799-BBF3-4842-96AA-A9B0611EE67E}.Debug|Any CPU.Deploy.0 = Debug|Any CPU
		{76650799-BBF3-4842-96AA-A9B0611EE67E}.Release|Any CPU.ActiveCfg = Release|Any CPU
		{76650799-BBF3-4842-96AA-A9B0611EE67E}.Release|Any CPU.Build.0 = Release|Any CPU
		{76650799-BBF3-4842-96AA-A9B0611EE67E}.Release|Any CPU.Deploy.0 = Release|Any CPU
	EndGlobalSection
	GlobalSection(SolutionProperties) = preSolution
		HideSolutionNode = FALSE
	EndGlobalSection
	GlobalSection(ExtensibilityGlobals) = postSolution
		SolutionGuid = {4CBC2D9C-4FD0-4E6E-8B53-0BCB73C7E51E}
	EndGlobalSection
EndGlobal
